
Microsoft Visual Studio Solution File, Format Version 12.00
# Visual Studio Version 17
VisualStudioVersion = 17.0.31903.59
MinimumVisualStudioVersion = 10.0.40219.1
Project("{2150E333-8FDC-42A3-9474-1A3956D46DE8}") = "src", "src", "{827E0CD3-B72D-47B6-A68D-7590B98EB39B}"
EndProject
Project("{F2A71F9B-5D33-465A-A702-920D77279786}") = "Effinsty.Domain", "src\Effinsty.Domain\Effinsty.Domain.fsproj", "{82513642-96B9-45F5-B768-08583E4A6376}"
EndProject
Project("{F2A71F9B-5D33-465A-A702-920D77279786}") = "Effinsty.Application", "src\Effinsty.Application\Effinsty.Application.fsproj", "{B4EE1223-D1A6-4BD9-9746-78E4F151B860}"
EndProject
Project("{F2A71F9B-5D33-465A-A702-920D77279786}") = "Effinsty.Infrastructure", "src\Effinsty.Infrastructure\Effinsty.Infrastructure.fsproj", "{C43FCA6E-CFC1-4F0C-B683-639FA1D07C79}"
EndProject
Project("{F2A71F9B-5D33-465A-A702-920D77279786}") = "Effinsty.Api", "src\Effinsty.Api\Effinsty.Api.fsproj", "{A41ED77F-27DB-4B4A-88D0-6BD27661D45D}"
EndProject
Project("{2150E333-8FDC-42A3-9474-1A3956D46DE8}") = "tests", "tests", "{0AB3BF05-4346-4AA6-1389-037BE0695223}"
EndProject
Project("{F2A71F9B-5D33-465A-A702-920D77279786}") = "Effinsty.UnitTests", "tests\Effinsty.UnitTests\Effinsty.UnitTests.fsproj", "{1E4877AC-DED5-491E-B85F-D808180D34A9}"
EndProject
Project("{F2A71F9B-5D33-465A-A702-920D77279786}") = "Effinsty.IntegrationTests", "tests\Effinsty.IntegrationTests\Effinsty.IntegrationTests.fsproj", "{574D918B-5E4B-424D-A4B7-F867C8E6251F}"
EndProject
Global
	GlobalSection(SolutionConfigurationPlatforms) = preSolution
		Debug|Any CPU = Debug|Any CPU
		Debug|x64 = Debug|x64
		Debug|x86 = Debug|x86
		Release|Any CPU = Release|Any CPU
		Release|x64 = Release|x64
		Release|x86 = Release|x86
	EndGlobalSection
	GlobalSection(ProjectConfigurationPlatforms) = postSolution
		{82513642-96B9-45F5-B768-08583E4A6376}.Debug|Any CPU.ActiveCfg = Debug|Any CPU
		{82513642-96B9-45F5-B768-08583E4A6376}.Debug|Any CPU.Build.0 = Debug|Any CPU
		{82513642-96B9-45F5-B768-08583E4A6376}.Debug|x64.ActiveCfg = Debug|Any CPU
		{82513642-96B9-45F5-B768-08583E4A6376}.Debug|x64.Build.0 = Debug|Any CPU
		{82513642-96B9-45F5-B768-08583E4A6376}.Debug|x86.ActiveCfg = Debug|Any CPU
		{82513642-96B9-45F5-B768-08583E4A6376}.Debug|x86.Build.0 = Debug|Any CPU
		{82513642-96B9-45F5-B768-08583E4A6376}.Release|Any CPU.ActiveCfg = Release|Any CPU
		{82513642-96B9-45F5-B768-08583E4A6376}.Release|Any CPU.Build.0 = Release|Any CPU
		{82513642-96B9-45F5-B768-08583E4A6376}.Release|x64.ActiveCfg = Release|Any CPU
		{82513642-96B9-45F5-B768-08583E4A6376}.Release|x64.Build.0 = Release|Any CPU
		{82513642-96B9-45F5-B768-08583E4A6376}.Release|x86.ActiveCfg = Release|Any CPU
		{82513642-96B9-45F5-B768-08583E4A6376}.Release|x86.Build.0 = Release|Any CPU
		{B4EE1223-D1A6-4BD9-9746-78E4F151B860}.Debug|Any CPU.ActiveCfg = Debug|Any CPU
		{B4EE1223-D1A6-4BD9-9746-78E4F151B860}.Debug|Any CPU.Build.0 = Debug|Any CPU
		{B4EE1223-D1A6-4BD9-9746-78E4F151B860}.Debug|x64.ActiveCfg = Debug|Any CPU
		{B4EE1223-D1A6-4BD9-9746-78E4F151B860}.Debug|x64.Build.0 = Debug|Any CPU
		{B4EE1223-D1A6-4BD9-9746-78E4F151B860}.Debug|x86.ActiveCfg = Debug|Any CPU
		{B4EE1223-D1A6-4BD9-9746-78E4F151B860}.Debug|x86.Build.0 = Debug|Any CPU
		{B4EE1223-D1A6-4BD9-9746-78E4F151B860}.Release|Any CPU.ActiveCfg = Release|Any CPU
		{B4EE1223-D1A6-4BD9-9746-78E4F151B860}.Release|Any CPU.Build.0 = Release|Any CPU
		{B4EE1223-D1A6-4BD9-9746-78E4F151B860}.Release|x64.ActiveCfg = Release|Any CPU
		{B4EE1223-D1A6-4BD9-9746-78E4F151B860}.Release|x64.Build.0 = Release|Any CPU
		{B4EE1223-D1A6-4BD9-9746-78E4F151B860}.Release|x86.ActiveCfg = Release|Any CPU
		{B4EE1223-D1A6-4BD9-9746-78E4F151B860}.Release|x86.Build.0 = Release|Any CPU
		{C43FCA6E-CFC1-4F0C-B683-639FA1D07C79}.Debug|Any CPU.ActiveCfg = Debug|Any CPU
		{C43FCA6E-CFC1-4F0C-B683-639FA1D07C79}.Debug|Any CPU.Build.0 = Debug|Any CPU
		{C43FCA6E-CFC1-4F0C-B683-639FA1D07C79}.Debug|x64.ActiveCfg = Debug|Any CPU
		{C43FCA6E-CFC1-4F0C-B683-639FA1D07C79}.Debug|x64.Build.0 = Debug|Any CPU
		{C43FCA6E-CFC1-4F0C-B683-639FA1D07C79}.Debug|x86.ActiveCfg = Debug|Any CPU
		{C43FCA6E-CFC1-4F0C-B683-639FA1D07C79}.Debug|x86.Build.0 = Debug|Any CPU
		{C43FCA6E-CFC1-4F0C-B683-639FA1D07C79}.Release|Any CPU.ActiveCfg = Release|Any CPU
		{C43FCA6E-CFC1-4F0C-B683-639FA1D07C79}.Release|Any CPU.Build.0 = Release|Any CPU
		{C43FCA6E-CFC1-4F0C-B683-639FA1D07C79}.Release|x64.ActiveCfg = Release|Any CPU
		{C43FCA6E-CFC1-4F0C-B683-639FA1D07C79}.Release|x64.Build.0 = Release|Any CPU
		{C43FCA6E-CFC1-4F0C-B683-639FA1D07C79}.Release|x86.ActiveCfg = Release|Any CPU
		{C43FCA6E-CFC1-4F0C-B683-639FA1D07C79}.Release|x86.Build.0 = Release|Any CPU
		{A41ED77F-27DB-4B4A-88D0-6BD27661D45D}.Debug|Any CPU.ActiveCfg = Debug|Any CPU
		{A41ED77F-27DB-4B4A-88D0-6BD27661D45D}.Debug|Any CPU.Build.0 = Debug|Any CPU
		{A41ED77F-27DB-4B4A-88D0-6BD27661D45D}.Debug|x64.ActiveCfg = Debug|Any CPU
		{A41ED77F-27DB-4B4A-88D0-6BD27661D45D}.Debug|x64.Build.0 = Debug|Any CPU
		{A41ED77F-27DB-4B4A-88D0-6BD27661D45D}.Debug|x86.ActiveCfg = Debug|Any CPU
		{A41ED77F-27DB-4B4A-88D0-6BD27661D45D}.Debug|x86.Build.0 = Debug|Any CPU
		{A41ED77F-27DB-4B4A-88D0-6BD27661D45D}.Release|Any CPU.ActiveCfg = Release|Any CPU
		{A41ED77F-27DB-4B4A-88D0-6BD27661D45D}.Release|Any CPU.Build.0 = Release|Any CPU
		{A41ED77F-27DB-4B4A-88D0-6BD27661D45D}.Release|x64.ActiveCfg = Release|Any CPU
		{A41ED77F-27DB-4B4A-88D0-6BD27661D45D}.Release|x64.Build.0 = Release|Any CPU
		{A41ED77F-27DB-4B4A-88D0-6BD27661D45D}.Release|x86.ActiveCfg = Release|Any CPU
		{A41ED77F-27DB-4B4A-88D0-6BD27661D45D}.Release|x86.Build.0 = Release|Any CPU
		{1E4877AC-DED5-491E-B85F-D808180D34A9}.Debug|Any CPU.ActiveCfg = Debug|Any CPU
		{1E4877AC-DED5-491E-B85F-D808180D34A9}.Debug|Any CPU.Build.0 = Debug|Any CPU
		{1E4877AC-DED5-491E-B85F-D808180D34A9}.Debug|x64.ActiveCfg = Debug|Any CPU
		{1E4877AC-DED5-491E-B85F-D808180D34A9}.Debug|x64.Build.0 = Debug|Any CPU
		{1E4877AC-DED5-491E-B85F-D808180D34A9}.Debug|x86.ActiveCfg = Debug|Any CPU
		{1E4877AC-DED5-491E-B85F-D808180D34A9}.Debug|x86.Build.0 = Debug|Any CPU
		{1E4877AC-DED5-491E-B85F-D808180D34A9}.Release|Any CPU.ActiveCfg = Release|Any CPU
		{1E4877AC-DED5-491E-B85F-D808180D34A9}.Release|Any CPU.Build.0 = Release|Any CPU
		{1E4877AC-DED5-491E-B85F-D808180D34A9}.Release|x64.ActiveCfg = Release|Any CPU
		{1E4877AC-DED5-491E-B85F-D808180D34A9}.Release|x64.Build.0 = Release|Any CPU
		{1E4877AC-DED5-491E-B85F-D808180D34A9}.Release|x86.ActiveCfg = Release|Any CPU
		{1E4877AC-DED5-491E-B85F-D808180D34A9}.Release|x86.Build.0 = Release|Any CPU
		{574D918B-5E4B-424D-A4B7-F867C8E6251F}.Debug|Any CPU.ActiveCfg = Debug|Any CPU
		{574D918B-5E4B-424D-A4B7-F867C8E6251F}.Debug|Any CPU.Build.0 = Debug|Any CPU
		{574D918B-5E4B-424D-A4B7-F867C8E6251F}.Debug|x64.ActiveCfg = Debug|Any CPU
		{574D918B-5E4B-424D-A4B7-F867C8E6251F}.Debug|x64.Build.0 = Debug|Any CPU
		{574D918B-5E4B-424D-A4B7-F867C8E6251F}.Debug|x86.ActiveCfg = Debug|Any CPU
		{574D918B-5E4B-424D-A4B7-F867C8E6251F}.Debug|x86.Build.0 = Debug|Any CPU
		{574D918B-5E4B-424D-A4B7-F867C8E6251F}.Release|Any CPU.ActiveCfg = Release|Any CPU
		{574D918B-5E4B-424D-A4B7-F867C8E6251F}.Release|Any CPU.Build.0 = Release|Any CPU
		{574D918B-5E4B-424D-A4B7-F867C8E6251F}.Release|x64.ActiveCfg = Release|Any CPU
		{574D918B-5E4B-424D-A4B7-F867C8E6251F}.Release|x64.Build.0 = Release|Any CPU
		{574D918B-5E4B-424D-A4B7-F867C8E6251F}.Release|x86.ActiveCfg = Release|Any CPU
		{574D918B-5E4B-424D-A4B7-F867C8E6251F}.Release|x86.Build.0 = Release|Any CPU
	EndGlobalSection
	GlobalSection(SolutionProperties) = preSolution
		HideSolutionNode = FALSE
	EndGlobalSection
	GlobalSection(NestedProjects) = preSolution
		{82513642-96B9-45F5-B768-08583E4A6376} = {827E0CD3-B72D-47B6-A68D-7590B98EB39B}
		{B4EE1223-D1A6-4BD9-9746-78E4F151B860} = {827E0CD3-B72D-47B6-A68D-7590B98EB39B}
		{C43FCA6E-CFC1-4F0C-B683-639FA1D07C79} = {827E0CD3-B72D-47B6-A68D-7590B98EB39B}
		{A41ED77F-27DB-4B4A-88D0-6BD27661D45D} = {827E0CD3-B72D-47B6-A68D-7590B98EB39B}
		{1E4877AC-DED5-491E-B85F-D808180D34A9} = {0AB3BF05-4346-4AA6-1389-037BE0695223}
		{574D918B-5E4B-424D-A4B7-F867C8E6251F} = {0AB3BF05-4346-4AA6-1389-037BE0695223}
	EndGlobalSection
EndGlobal
